// !$*UTF8*$!
{
	archiveVersion = 1;
	classes = {
	};
	objectVersion = 46;
	objects = {

/* Begin PBXBuildFile section */
		183A8F9B1FC247B1006362E2 /* Sem_Init.c in Sources */ = {isa = PBXBuildFile; fileRef = 183A8F9A1FC247B1006362E2 /* Sem_Init.c */; };
		187FC8FC1FC0BE5D008F52C4 /* Semget.c in Sources */ = {isa = PBXBuildFile; fileRef = 187FC8FB1FC0BE5D008F52C4 /* Semget.c */; };
/* End PBXBuildFile section */

/* Begin PBXCopyFilesBuildPhase section */
		187FC8F61FC0BE5D008F52C4 /* CopyFiles */ = {
			isa = PBXCopyFilesBuildPhase;
			buildActionMask = 2147483647;
			dstPath = /usr/share/man/man1/;
			dstSubfolderSpec = 0;
			files = (
			);
			runOnlyForDeploymentPostprocessing = 1;
		};
/* End PBXCopyFilesBuildPhase section */

/* Begin PBXFileReference section */
		183A8F9A1FC247B1006362E2 /* Sem_Init.c */ = {isa = PBXFileReference; fileEncoding = 4; lastKnownFileType = sourcecode.c.c; path = Sem_Init.c; sourceTree = "<group>"; };
		187FC8F81FC0BE5D008F52C4 /* SemaphorePractice */ = {isa = PBXFileReference; explicitFileType = "compiled.mach-o.executable"; includeInIndex = 0; path = SemaphorePractice; sourceTree = BUILT_PRODUCTS_DIR; };
		187FC8FB1FC0BE5D008F52C4 /* Semget.c */ = {isa = PBXFileReference; lastKnownFileType = sourcecode.c.c; path = Semget.c; sourceTree = "<group>"; };
/* End PBXFileReference section */

/* Begin PBXFrameworksBuildPhase section */
		187FC8F51FC0BE5D008F52C4 /* Frameworks */ = {
			isa = PBXFrameworksBuildPhase;
			buildActionMask = 2147483647;
			files = (
			);
			runOnlyForDeploymentPostprocessing = 0;
		};
/* End PBXFrameworksBuildPhase section */

/* Begin PBXGroup section */
		187FC8EF1FC0BE5D008F52C4 = {
			isa = PBXGroup;
			children = (
				187FC8FA1FC0BE5D008F52C4 /* SemaphorePractice */,
				187FC8F91FC0BE5D008F52C4 /* Products */,
			);
			sourceTree = "<group>";
		};
		187FC8F91FC0BE5D008F52C4 /* Products */ = {
			isa = PBXGroup;
			children = (
				187FC8F81FC0BE5D008F52C4 /* SemaphorePractice */,
			);
			name = Products;
			sourceTree = "<group>";
		};
		187FC8FA1FC0BE5D008F52C4 /* SemaphorePractice */ = {
			isa = PBXGroup;
			children = (
				187FC8FB1FC0BE5D008F52C4 /* Semget.c */,
				183A8F9A1FC247B1006362E2 /* Sem_Init.c */,
			);
			path = SemaphorePractice;
			sourceTree = "<group>";
		};
/* End PBXGroup section */

/* Begin PBXNativeTarget section */
		187FC8F71FC0BE5D008F52C4 /* SemaphorePractice */ = {
			isa = PBXNativeTarget;
			buildConfigurationList = 187FC8FF1FC0BE5D008F52C4 /* Build configuration list for PBXNativeTarget "SemaphorePractice" */;
			buildPhases = (
				187FC8F41FC0BE5D008F52C4 /* Sources */,
				187FC8F51FC0BE5D008F52C4 /* Frameworks */,
				187FC8F61FC0BE5D008F52C4 /* CopyFiles */,
			);
			buildRules = (
			);
			dependencies = (
			);
			name = SemaphorePractice;
			productName = SemaphorePractice;
			productReference = 187FC8F81FC0BE5D008F52C4 /* SemaphorePractice */;
			productType = "com.apple.product-type.tool";
		};
/* End PBXNativeTarget section */

/* Begin PBXProject section */
		187FC8F01FC0BE5D008F52C4 /* Project object */ = {
			isa = PBXProject;
			attributes = {
				LastUpgradeCheck = 0830;
				ORGANIZATIONNAME = "Scott Roberts";
				TargetAttributes = {
					187FC8F71FC0BE5D008F52C4 = {
						CreatedOnToolsVersion = 8.3.3;
						DevelopmentTeam = 76L7TE6FBV;
						ProvisioningStyle = Automatic;
					};
				};
			};
			buildConfigurationList = 187FC8F31FC0BE5D008F52C4 /* Build configuration list for PBXProject "SemaphorePractice" */;
			compatibilityVersion = "Xcode 3.2";
			developmentRegion = English;
			hasScannedForEncodings = 0;
			knownRegions = (
				en,
			);
			mainGroup = 187FC8EF1FC0BE5D008F52C4;
			productRefGroup = 187FC8F91FC0BE5D008F52C4 /* Products */;
			projectDirPath = "";
			projectRoot = "";
			targets = (
				187FC8F71FC0BE5D008F52C4 /* SemaphorePractice */,
			);
		};
/* End PBXProject section */

/* Begin PBXSourcesBuildPhase section */
		187FC8F41FC0BE5D008F52C4 /* Sources */ = {
			isa = PBXSourcesBuildPhase;
			buildActionMask = 2147483647;
			files = (
				187FC8FC1FC0BE5D008F52C4 /* Semget.c in Sources */,
				183A8F9B1FC247B1006362E2 /* Sem_Init.c in Sources */,
			);
			runOnlyForDeploymentPostprocessing = 0;
		};
/* End PBXSourcesBuildPhase section */

/* Begin XCBuildConfiguration section */
		187FC8FD1FC0BE5D008F52C4 /* Debug */ = {
			isa = XCBuildConfiguration;
			buildSettings = {
				ALWAYS_SEARCH_USER_PATHS = NO;
				CLANG_ANALYZER_NONNULL = YES;
				CLANG_ANALYZER_NUMBER_OBJECT_CONVERSION = YES_AGGRESSIVE;
				CLANG_CXX_LANGUAGE_STANDARD = "gnu++0x";
				CLANG_CXX_LIBRARY = "libc++";
				CLANG_ENABLE_MODULES = YES;
				CLANG_ENABLE_OBJC_ARC = YES;
				CLANG_WARN_BOOL_CONVERSION = YES;
				CLANG_WARN_CONSTANT_CONVERSION = YES;
				CLANG_WARN_DIRECT_OBJC_ISA_USAGE = YES_ERROR;
				CLANG_WARN_DOCUMENTATION_COMMENTS = YES;
				CLANG_WARN_EMPTY_BODY = YES;
				CLANG_WARN_ENUM_CONVERSION = YES;
				CLANG_WARN_INFINITE_RECURSION = YES;
				CLANG_WARN_INT_CONVERSION = YES;
				CLANG_WARN_OBJC_ROOT_CLASS = YES_ERROR;
				CLANG_WARN_SUSPICIOUS_MOVE = YES;
				CLANG_WARN_UNREACHABLE_CODE = YES;
				CLANG_WARN__DUPLICATE_METHOD_MATCH = YES;
				CODE_SIGN_IDENTITY = "-";
				COPY_PHASE_STRIP = NO;
				DEBUG_INFORMATION_FORMAT = dwarf;
				ENABLE_STRICT_OBJC_MSGSEND = YES;
				ENABLE_TESTABILITY = YES;
				GCC_C_LANGUAGE_STANDARD = gnu99;
				GCC_DYNAMIC_NO_PIC = NO;
				GCC_NO_COMMON_BLOCKS = YES;
				GCC_OPTIMIZATION_LEVEL = 0;
				GCC_PREPROCESSOR_DEFINITIONS = (
					"DEBUG=1",
					"$(inherited)",
				);
				GCC_WARN_64_TO_32_BIT_CONVERSION = YES;
				GCC_WARN_ABOUT_RETURN_TYPE = YES_ERROR;
				GCC_WARN_UNDECLARED_SELECTOR = YES;
				GCC_WARN_UNINITIALIZED_AUTOS = YES_AGGRESSIVE;
				GCC_WARN_UNUSED_FUNCTION = YES;
				GCC_WARN_UNUSED_VARIABLE = YES;
				MACOSX_DEPLOYMENT_TARGET = 10.13;
				MTL_ENABLE_DEBUG_INFO = YES;
				ONLY_ACTIVE_ARCH = YES;
				SDKROOT = macosx;
			};
			name = Debug;
		};
		187FC8FE1FC0BE5D008F52C4 /* Release */ = {
			isa = XCBuildConfiguration;
			buildSettings = {
				ALWAYS_SEARCH_USER_PATHS = NO;
				CLANG_ANALYZER_NONNULL = YES;
				CLANG_ANALYZER_NUMBER_OBJECT_CONVERSION = YES_AGGRESSIVE;
				CLANG_CXX_LANGUAGE_STANDARD = "gnu++0x";
				CLANG_CXX_LIBRARY = "libc++";
				CLANG_ENABLE_MODULES = YES;
				CLANG_ENABLE_OBJC_ARC = YES;
				CLANG_WARN_BOOL_CONVERSION = YES;
				CLANG_WARN_CONSTANT_CONVERSION = YES;
				CLANG_WARN_DIRECT_OBJC_ISA_USAGE = YES_ERROR;
				CLANG_WARN_DOCUMENTATION_COMMENTS = YES;
				CLANG_WARN_EMPTY_BODY = YES;
				CLANG_WARN_ENUM_CONVERSION = YES;
				CLANG_WARN_INFINITE_RECURSION = YES;
				CLANG_WARN_INT_CONVERSION = YES;
				CLANG_WARN_OBJC_ROOT_CLASS = YES_ERROR;
				CLANG_WARN_SUSPICIOUS_MOVE = YES;
				CLANG_WARN_UNREACHABLE_CODE = YES;
				CLANG_WARN__DUPLICATE_METHOD_MATCH = YES;
				CODE_SIGN_IDENTITY = "-";
				COPY_PHASE_STRIP = NO;
				DEBUG_INFORMATION_FORMAT = "dwarf-with-dsym";
				ENABLE_NS_ASSERTIONS = NO;
				ENABLE_STRICT_OBJC_MSGSEND = YES;
				GCC_C_LANGUAGE_STANDARD = gnu99;
				GCC_NO_COMMON_BLOCKS = YES;
				GCC_WARN_64_TO_32_BIT_CONVERSION = YES;
				GCC_WARN_ABOUT_RETURN_TYPE = YES_ERROR;
				GCC_WARN_UNDECLARED_SELECTOR = YES;
				GCC_WARN_UNINITIALIZED_AUTOS = YES_AGGRESSIVE;
				GCC_WARN_UNUSED_FUNCTION = YES;
				GCC_WARN_UNUSED_VARIABLE = YES;
				MACOSX_DEPLOYMENT_TARGET = 10.13;
				MTL_ENABLE_DEBUG_INFO = NO;
				SDKROOT = macosx;
			};
			name = Release;
		};
		187FC9001FC0BE5D008F52C4 /* Debug */ = {
			isa = XCBuildConfiguration;
			buildSettings = {
				DEVELOPMENT_TEAM = 76L7TE6FBV;
				MACOSX_DEPLOYMENT_TARGET = 10.12;
				PRODUCT_NAME = "$(TARGET_NAME)";
			};
			name = Debug;
		};
		187FC9011FC0BE5D008F52C4 /* Release */ = {
			isa = XCBuildConfiguration;
			buildSettings = {
				DEVELOPMENT_TEAM = 76L7TE6FBV;
				MACOSX_DEPLOYMENT_TARGET = 10.12;
				PRODUCT_NAME = "$(TARGET_NAME)";
			};
			name = Release;
		};
/* End XCBuildConfiguration section */

/* Begin XCConfigurationList section */
		187FC8F31FC0BE5D008F52C4 /* Build configuration list for PBXProject "SemaphorePractice" */ = {
			isa = XCConfigurationList;
			buildConfigurations = (
				187FC8FD1FC0BE5D008F52C4 /* Debug */,
				187FC8FE1FC0BE5D008F52C4 /* Release */,
			);
			defaultConfigurationIsVisible = 0;
			defaultConfigurationName = Release;
		};
		187FC8FF1FC0BE5D008F52C4 /* Build configuration list for PBXNativeTarget "SemaphorePractice" */ = {
			isa = XCConfigurationList;
			buildConfigurations = (
				187FC9001FC0BE5D008F52C4 /* Debug */,
				187FC9011FC0BE5D008F52C4 /* Release */,
			);
			defaultConfigurationIsVisible = 0;
			defaultConfigurationName = Release;
		};
/* End XCConfigurationList section */
	};
	rootObject = 187FC8F01FC0BE5D008F52C4 /* Project object */;
}
