// !$*UTF8*$!
{
	archiveVersion = 1;
	classes = {
	};
	objectVersion = 46;
	objects = {

/* Begin PBXBuildFile section */
		18BDEFF71FB06DBC005AA164 /* SWIM_MILL.c in Sources */ = {isa = PBXBuildFile; fileRef = 18BDEFF61FB06DBC005AA164 /* SWIM_MILL.c */; };
		18BDEFF91FB06DC4005AA164 /* PELLET.c in Sources */ = {isa = PBXBuildFile; fileRef = 18BDEFF81FB06DC4005AA164 /* PELLET.c */; };
		18BDEFFB1FB06DCC005AA164 /* FISH.c in Sources */ = {isa = PBXBuildFile; fileRef = 18BDEFFA1FB06DCC005AA164 /* FISH.c */; };
/* End PBXBuildFile section */

/* Begin PBXCopyFilesBuildPhase section */
		18BDEFEA1FB0698C005AA164 /* CopyFiles */ = {
			isa = PBXCopyFilesBuildPhase;
			buildActionMask = 2147483647;
			dstPath = /usr/share/man/man1/;
			dstSubfolderSpec = 0;
			files = (
			);
			runOnlyForDeploymentPostprocessing = 1;
		};
/* End PBXCopyFilesBuildPhase section */

/* Begin PBXFileReference section */
		18BDEFEC1FB0698C005AA164 /* SWIM_MILL */ = {isa = PBXFileReference; explicitFileType = "compiled.mach-o.executable"; includeInIndex = 0; path = SWIM_MILL; sourceTree = BUILT_PRODUCTS_DIR; };
		18BDEFF61FB06DBC005AA164 /* SWIM_MILL.c */ = {isa = PBXFileReference; fileEncoding = 4; lastKnownFileType = sourcecode.c.c; name = SWIM_MILL.c; path = SWIM_MILL_folder/SWIM_MILL.c; sourceTree = "<group>"; };
		18BDEFF81FB06DC4005AA164 /* PELLET.c */ = {isa = PBXFileReference; fileEncoding = 4; lastKnownFileType = sourcecode.c.c; name = PELLET.c; path = PELLET_folder/PELLET.c; sourceTree = "<group>"; };
		18BDEFFA1FB06DCC005AA164 /* FISH.c */ = {isa = PBXFileReference; fileEncoding = 4; lastKnownFileType = sourcecode.c.c; name = FISH.c; path = FISH_folder/FISH.c; sourceTree = "<group>"; };
/* End PBXFileReference section */

/* Begin PBXFrameworksBuildPhase section */
		18BDEFE91FB0698C005AA164 /* Frameworks */ = {
			isa = PBXFrameworksBuildPhase;
			buildActionMask = 2147483647;
			files = (
			);
			runOnlyForDeploymentPostprocessing = 0;
		};
/* End PBXFrameworksBuildPhase section */

/* Begin PBXGroup section */
		18BDEFE31FB0698C005AA164 = {
			isa = PBXGroup;
			children = (
				18BDEFEE1FB0698C005AA164 /* SWIM_MILL */,
				18BDEFED1FB0698C005AA164 /* Products */,
			);
			sourceTree = "<group>";
		};
		18BDEFED1FB0698C005AA164 /* Products */ = {
			isa = PBXGroup;
			children = (
				18BDEFEC1FB0698C005AA164 /* SWIM_MILL */,
			);
			name = Products;
			sourceTree = "<group>";
		};
		18BDEFEE1FB0698C005AA164 /* SWIM_MILL */ = {
			isa = PBXGroup;
			children = (
				18BDEFFA1FB06DCC005AA164 /* FISH.c */,
				18BDEFF81FB06DC4005AA164 /* PELLET.c */,
				18BDEFF61FB06DBC005AA164 /* SWIM_MILL.c */,
			);
			path = SWIM_MILL;
			sourceTree = "<group>";
		};
/* End PBXGroup section */

/* Begin PBXNativeTarget section */
		18BDEFEB1FB0698C005AA164 /* SWIM_MILL */ = {
			isa = PBXNativeTarget;
			buildConfigurationList = 18BDEFF31FB0698D005AA164 /* Build configuration list for PBXNativeTarget "SWIM_MILL" */;
			buildPhases = (
				18BDEFE81FB0698C005AA164 /* Sources */,
				18BDEFE91FB0698C005AA164 /* Frameworks */,
				18BDEFEA1FB0698C005AA164 /* CopyFiles */,
			);
			buildRules = (
			);
			dependencies = (
			);
			name = SWIM_MILL;
			productName = SWIM_MILL;
			productReference = 18BDEFEC1FB0698C005AA164 /* SWIM_MILL */;
			productType = "com.apple.product-type.tool";
		};
/* End PBXNativeTarget section */

/* Begin PBXProject section */
		18BDEFE41FB0698C005AA164 /* Project object */ = {
			isa = PBXProject;
			attributes = {
				LastUpgradeCheck = 0830;
				ORGANIZATIONNAME = "Scott Roberts";
				TargetAttributes = {
					18BDEFEB1FB0698C005AA164 = {
						CreatedOnToolsVersion = 8.3.3;
						DevelopmentTeam = 76L7TE6FBV;
						ProvisioningStyle = Automatic;
					};
				};
			};
			buildConfigurationList = 18BDEFE71FB0698C005AA164 /* Build configuration list for PBXProject "SWIM_MILL" */;
			compatibilityVersion = "Xcode 3.2";
			developmentRegion = English;
			hasScannedForEncodings = 0;
			knownRegions = (
				en,
			);
			mainGroup = 18BDEFE31FB0698C005AA164;
			productRefGroup = 18BDEFED1FB0698C005AA164 /* Products */;
			projectDirPath = "";
			projectRoot = "";
			targets = (
				18BDEFEB1FB0698C005AA164 /* SWIM_MILL */,
			);
		};
/* End PBXProject section */

/* Begin PBXSourcesBuildPhase section */
		18BDEFE81FB0698C005AA164 /* Sources */ = {
			isa = PBXSourcesBuildPhase;
			buildActionMask = 2147483647;
			files = (
				18BDEFFB1FB06DCC005AA164 /* FISH.c in Sources */,
				18BDEFF71FB06DBC005AA164 /* SWIM_MILL.c in Sources */,
				18BDEFF91FB06DC4005AA164 /* PELLET.c in Sources */,
			);
			runOnlyForDeploymentPostprocessing = 0;
		};
/* End PBXSourcesBuildPhase section */

/* Begin XCBuildConfiguration section */
		18BDEFF11FB0698D005AA164 /* Debug */ = {
			isa = XCBuildConfiguration;
			buildSettings = {
				ALWAYS_SEARCH_USER_PATHS = NO;
				CLANG_ANALYZER_NONNULL = YES;
				CLANG_ANALYZER_NUMBER_OBJECT_CONVERSION = YES_AGGRESSIVE;
				CLANG_CXX_LANGUAGE_STANDARD = "gnu++0x";
				CLANG_CXX_LIBRARY = "libc++";
				CLANG_ENABLE_MODULES = YES;
				CLANG_ENABLE_OBJC_ARC = YES;
				CLANG_WARN_BOOL_CONVERSION = YES;
				CLANG_WARN_CONSTANT_CONVERSION = YES;
				CLANG_WARN_DIRECT_OBJC_ISA_USAGE = YES_ERROR;
				CLANG_WARN_DOCUMENTATION_COMMENTS = YES;
				CLANG_WARN_EMPTY_BODY = YES;
				CLANG_WARN_ENUM_CONVERSION = YES;
				CLANG_WARN_INFINITE_RECURSION = YES;
				CLANG_WARN_INT_CONVERSION = YES;
				CLANG_WARN_OBJC_ROOT_CLASS = YES_ERROR;
				CLANG_WARN_SUSPICIOUS_MOVE = YES;
				CLANG_WARN_UNREACHABLE_CODE = YES;
				CLANG_WARN__DUPLICATE_METHOD_MATCH = YES;
				CODE_SIGN_IDENTITY = "-";
				COPY_PHASE_STRIP = NO;
				DEBUG_INFORMATION_FORMAT = dwarf;
				ENABLE_STRICT_OBJC_MSGSEND = YES;
				ENABLE_TESTABILITY = YES;
				GCC_C_LANGUAGE_STANDARD = gnu99;
				GCC_DYNAMIC_NO_PIC = NO;
				GCC_NO_COMMON_BLOCKS = YES;
				GCC_OPTIMIZATION_LEVEL = 0;
				GCC_PREPROCESSOR_DEFINITIONS = (
					"DEBUG=1",
					"$(inherited)",
				);
				GCC_WARN_64_TO_32_BIT_CONVERSION = YES;
				GCC_WARN_ABOUT_RETURN_TYPE = YES_ERROR;
				GCC_WARN_UNDECLARED_SELECTOR = YES;
				GCC_WARN_UNINITIALIZED_AUTOS = YES_AGGRESSIVE;
				GCC_WARN_UNUSED_FUNCTION = YES;
				GCC_WARN_UNUSED_VARIABLE = YES;
				MACOSX_DEPLOYMENT_TARGET = 10.12;
				MTL_ENABLE_DEBUG_INFO = YES;
				ONLY_ACTIVE_ARCH = YES;
				SDKROOT = macosx;
			};
			name = Debug;
		};
		18BDEFF21FB0698D005AA164 /* Release */ = {
			isa = XCBuildConfiguration;
			buildSettings = {
				ALWAYS_SEARCH_USER_PATHS = NO;
				CLANG_ANALYZER_NONNULL = YES;
				CLANG_ANALYZER_NUMBER_OBJECT_CONVERSION = YES_AGGRESSIVE;
				CLANG_CXX_LANGUAGE_STANDARD = "gnu++0x";
				CLANG_CXX_LIBRARY = "libc++";
				CLANG_ENABLE_MODULES = YES;
				CLANG_ENABLE_OBJC_ARC = YES;
				CLANG_WARN_BOOL_CONVERSION = YES;
				CLANG_WARN_CONSTANT_CONVERSION = YES;
				CLANG_WARN_DIRECT_OBJC_ISA_USAGE = YES_ERROR;
				CLANG_WARN_DOCUMENTATION_COMMENTS = YES;
				CLANG_WARN_EMPTY_BODY = YES;
				CLANG_WARN_ENUM_CONVERSION = YES;
				CLANG_WARN_INFINITE_RECURSION = YES;
				CLANG_WARN_INT_CONVERSION = YES;
				CLANG_WARN_OBJC_ROOT_CLASS = YES_ERROR;
				CLANG_WARN_SUSPICIOUS_MOVE = YES;
				CLANG_WARN_UNREACHABLE_CODE = YES;
				CLANG_WARN__DUPLICATE_METHOD_MATCH = YES;
				CODE_SIGN_IDENTITY = "-";
				COPY_PHASE_STRIP = NO;
				DEBUG_INFORMATION_FORMAT = "dwarf-with-dsym";
				ENABLE_NS_ASSERTIONS = NO;
				ENABLE_STRICT_OBJC_MSGSEND = YES;
				GCC_C_LANGUAGE_STANDARD = gnu99;
				GCC_NO_COMMON_BLOCKS = YES;
				GCC_WARN_64_TO_32_BIT_CONVERSION = YES;
				GCC_WARN_ABOUT_RETURN_TYPE = YES_ERROR;
				GCC_WARN_UNDECLARED_SELECTOR = YES;
				GCC_WARN_UNINITIALIZED_AUTOS = YES_AGGRESSIVE;
				GCC_WARN_UNUSED_FUNCTION = YES;
				GCC_WARN_UNUSED_VARIABLE = YES;
				MACOSX_DEPLOYMENT_TARGET = 10.12;
				MTL_ENABLE_DEBUG_INFO = NO;
				SDKROOT = macosx;
			};
			name = Release;
		};
		18BDEFF41FB0698D005AA164 /* Debug */ = {
			isa = XCBuildConfiguration;
			buildSettings = {
				DEVELOPMENT_TEAM = 76L7TE6FBV;
				PRODUCT_NAME = "$(TARGET_NAME)";
			};
			name = Debug;
		};
		18BDEFF51FB0698D005AA164 /* Release */ = {
			isa = XCBuildConfiguration;
			buildSettings = {
				DEVELOPMENT_TEAM = 76L7TE6FBV;
				PRODUCT_NAME = "$(TARGET_NAME)";
			};
			name = Release;
		};
/* End XCBuildConfiguration section */

/* Begin XCConfigurationList section */
		18BDEFE71FB0698C005AA164 /* Build configuration list for PBXProject "SWIM_MILL" */ = {
			isa = XCConfigurationList;
			buildConfigurations = (
				18BDEFF11FB0698D005AA164 /* Debug */,
				18BDEFF21FB0698D005AA164 /* Release */,
			);
			defaultConfigurationIsVisible = 0;
			defaultConfigurationName = Release;
		};
		18BDEFF31FB0698D005AA164 /* Build configuration list for PBXNativeTarget "SWIM_MILL" */ = {
			isa = XCConfigurationList;
			buildConfigurations = (
				18BDEFF41FB0698D005AA164 /* Debug */,
				18BDEFF51FB0698D005AA164 /* Release */,
			);
			defaultConfigurationIsVisible = 0;
			defaultConfigurationName = Release;
		};
/* End XCConfigurationList section */
	};
	rootObject = 18BDEFE41FB0698C005AA164 /* Project object */;
}
